
Microsoft Visual Studio Solution File, Format Version 12.00
# Visual Studio 16
Project("{FAE04EC0-301F-11D3-BF4B-00C04F79EFBC}") = "Assembly-CSharp", "Assembly-CSharp.csproj", "{16E7E552-D08B-9AFB-7A07-82F62E8D17B5}"
EndProject
Project("{FAE04EC0-301F-11D3-BF4B-00C04F79EFBC}") = "Assembly-CSharp-Editor", "Assembly-CSharp-Editor.csproj", "{F7AC6881-338E-6DBE-6D3D-8ACC21389592}"
EndProject
Global
	GlobalSection(SolutionConfigurationPlatforms) = preSolution
		Debug|Any CPU = Debug|Any CPU
		Release|Any CPU = Release|Any CPU
	EndGlobalSection
	GlobalSection(ProjectConfigurationPlatforms) = postSolution
		{16E7E552-D08B-9AFB-7A07-82F62E8D17B5}.Debug|Any CPU.ActiveCfg = Debug|Any CPU
		{16E7E552-D08B-9AFB-7A07-82F62E8D17B5}.Debug|Any CPU.Build.0 = Debug|Any CPU
		{16E7E552-D08B-9AFB-7A07-82F62E8D17B5}.Release|Any CPU.ActiveCfg = Release|Any CPU
		{16E7E552-D08B-9AFB-7A07-82F62E8D17B5}.Release|Any CPU.Build.0 = Release|Any CPU
		{F7AC6881-338E-6DBE-6D3D-8ACC21389592}.Debug|Any CPU.ActiveCfg = Debug|Any CPU
		{F7AC6881-338E-6DBE-6D3D-8ACC21389592}.Debug|Any CPU.Build.0 = Debug|Any CPU
		{F7AC6881-338E-6DBE-6D3D-8ACC21389592}.Release|Any CPU.ActiveCfg = Release|Any CPU
		{F7AC6881-338E-6DBE-6D3D-8ACC21389592}.Release|Any CPU.Build.0 = Release|Any CPU
	EndGlobalSection
	GlobalSection(SolutionProperties) = preSolution
		HideSolutionNode = FALSE
	EndGlobalSection
	GlobalSection(MonoDevelopProperties) = preSolution
		StartupItem = Assembly-CSharp.csproj
	EndGlobalSection
EndGlobal
